
Microsoft Visual Studio Solution File, Format Version 12.00
# Visual Studio Version 16
VisualStudioVersion = 16.0.30002.166
MinimumVisualStudioVersion = 10.0.40219.1
Project("{9A19103F-16F7-4668-BE54-9A1E7A4F7556}") = "BizWeb", "BizWeb\BizWeb.csproj", "{D3E56A3C-EFE9-4001-B338-C2B9779B5FF5}"
EndProject
Project("{9A19103F-16F7-4668-BE54-9A1E7A4F7556}") = "UniOrm.Common", "UniOrm.Common\UniOrm.Common.csproj", "{9A3A8A11-F8F3-4AC8-A96A-40FE81F2D46C}"
EndProject
Project("{2150E333-8FDC-42A3-9474-1A3956D46DE8}") = "Infrastratrue", "Infrastratrue", "{8E21E110-EEAD-4794-BBAF-F355A64EE106}"
EndProject
Project("{9A19103F-16F7-4668-BE54-9A1E7A4F7556}") = "UniOrm.Model", "UniOrm.Model\UniOrm.Model.csproj", "{B13364C3-8ED5-433F-B97A-66C03A43B0EE}"
EndProject
Project("{9A19103F-16F7-4668-BE54-9A1E7A4F7556}") = "UniOrm.FlunentMigrator", "UniOrm.FlunentMigrator\UniOrm.FlunentMigrator.csproj", "{76CD34D7-D727-4447-8716-8BA0CA421308}"
EndProject
Project("{9A19103F-16F7-4668-BE54-9A1E7A4F7556}") = "UniOrm.Application", "UniOrm.Application\UniOrm.Application.csproj", "{2AB4856E-A1A0-4DB1-8FA7-0F6869BCA09F}"
EndProject
Project("{9A19103F-16F7-4668-BE54-9A1E7A4F7556}") = "UniOrm.DataMigrationiHistrory", "UniOrm.DataMigrationiHistrory\UniOrm.DataMigrationiHistrory.csproj", "{C050F162-6DFE-4CA3-8204-814C44A16270}"
EndProject
Project("{9A19103F-16F7-4668-BE54-9A1E7A4F7556}") = "UniOrm.Model.DataService", "UniOrm.DataService\UniOrm.Model.DataService.csproj", "{15DFF8D7-D4DD-42AD-97F2-D191AFA70729}"
EndProject
Project("{9A19103F-16F7-4668-BE54-9A1E7A4F7556}") = "UniOrm.Startup.Web", "UniOrm.Startup.Web\UniOrm.Startup.Web.csproj", "{315959AD-29AB-4059-ACE9-2773340A93B8}"
EndProject
Project("{9A19103F-16F7-4668-BE54-9A1E7A4F7556}") = "UniNote.WebClient", "DevSites\UniNoteWeb\UniNote.WebClient\UniNote.WebClient.csproj", "{17422692-250D-4F20-B606-B2C0D5CBB0EF}"
EndProject
Project("{2150E333-8FDC-42A3-9474-1A3956D46DE8}") = "Plugins", "Plugins", "{69584CA3-57E2-4654-8B19-01D6166B6601}"
EndProject
Project("{9A19103F-16F7-4668-BE54-9A1E7A4F7556}") = "BasicPlugin", "Plugins\BasicPlugin\BasicPlugin.csproj", "{C2DF1D02-5CB9-40E3-8D27-3C26FA3B09F4}"
EndProject
Project("{9A19103F-16F7-4668-BE54-9A1E7A4F7556}") = "OauthMngPlugin", "Plugins\OauthMngPlugin\OauthMngPlugin.csproj", "{17E7CC3E-CE1E-4593-9FB4-14F1AC7495B6}"
EndProject
Project("{9A19103F-16F7-4668-BE54-9A1E7A4F7556}") = "UniOrm.DistributeSystemPlugin", "Plugins\UniOrm.DistributeSystemPlugin\UniOrm.DistributeSystemPlugin.csproj", "{D0C80F1B-9F1B-4372-8370-376204CCC397}"
EndProject
Project("{9A19103F-16F7-4668-BE54-9A1E7A4F7556}") = "WebSerivcesPlugin", "Plugins\WebSerivcesPlugin\WebSerivcesPlugin.csproj", "{6F3F3FF6-D263-4725-BAF3-867765DB84DF}"
EndProject
Project("{9A19103F-16F7-4668-BE54-9A1E7A4F7556}") = "UniOrm.AlipayPlugin", "Plugins\AlipayPlugin\UniOrm.AlipayPlugin.csproj", "{0406A42F-2D8B-435D-839E-312549A2D634}"
EndProject
Project("{9A19103F-16F7-4668-BE54-9A1E7A4F7556}") = "WebEditorPlugin", "Plugins\WebEditorPlugins\WebEditorPlugin.csproj", "{1781F4E2-70F7-47E7-8BA1-FA0102B183DA}"
EndProject
Project("{9A19103F-16F7-4668-BE54-9A1E7A4F7556}") = "UniOrm.ShopExPlugin", "Plugins\ShopExPlugin\UniOrm.ShopExPlugin.csproj", "{9B242593-95BF-42FA-8484-091379FD9C58}"
EndProject
Project("{9A19103F-16F7-4668-BE54-9A1E7A4F7556}") = "UniOrm.PHP", "UniOrm.PHP\UniOrm.PHP.csproj", "{6CBD290D-79AD-4395-B006-38A1DB3FAE38}"
EndProject
Project("{9A19103F-16F7-4668-BE54-9A1E7A4F7556}") = "RazorLight", "RazorLight\RazorLight.csproj", "{3ADE0CB3-84FE-4AFA-923D-11D2D7932FEF}"
EndProject
Project("{FAE04EC0-301F-11D3-BF4B-00C04F79EFBC}") = "ADBee", "ADBee\ADBee.csproj", "{448CE3EA-E1B8-4B98-BBD0-F41A261BD617}"
EndProject
Global
	GlobalSection(SolutionConfigurationPlatforms) = preSolution
		Debug|Any CPU = Debug|Any CPU
		Debug|x86 = Debug|x86
		Release|Any CPU = Release|Any CPU
		Release|x86 = Release|x86
	EndGlobalSection
	GlobalSection(ProjectConfigurationPlatforms) = postSolution
		{D3E56A3C-EFE9-4001-B338-C2B9779B5FF5}.Debug|Any CPU.ActiveCfg = Debug|Any CPU
		{D3E56A3C-EFE9-4001-B338-C2B9779B5FF5}.Debug|Any CPU.Build.0 = Debug|Any CPU
		{D3E56A3C-EFE9-4001-B338-C2B9779B5FF5}.Debug|x86.ActiveCfg = Debug|Any CPU
		{D3E56A3C-EFE9-4001-B338-C2B9779B5FF5}.Debug|x86.Build.0 = Debug|Any CPU
		{D3E56A3C-EFE9-4001-B338-C2B9779B5FF5}.Release|Any CPU.ActiveCfg = Release|Any CPU
		{D3E56A3C-EFE9-4001-B338-C2B9779B5FF5}.Release|Any CPU.Build.0 = Release|Any CPU
		{D3E56A3C-EFE9-4001-B338-C2B9779B5FF5}.Release|x86.ActiveCfg = Release|Any CPU
		{D3E56A3C-EFE9-4001-B338-C2B9779B5FF5}.Release|x86.Build.0 = Release|Any CPU
		{9A3A8A11-F8F3-4AC8-A96A-40FE81F2D46C}.Debug|Any CPU.ActiveCfg = Debug|Any CPU
		{9A3A8A11-F8F3-4AC8-A96A-40FE81F2D46C}.Debug|Any CPU.Build.0 = Debug|Any CPU
		{9A3A8A11-F8F3-4AC8-A96A-40FE81F2D46C}.Debug|x86.ActiveCfg = Debug|Any CPU
		{9A3A8A11-F8F3-4AC8-A96A-40FE81F2D46C}.Debug|x86.Build.0 = Debug|Any CPU
		{9A3A8A11-F8F3-4AC8-A96A-40FE81F2D46C}.Release|Any CPU.ActiveCfg = Release|Any CPU
		{9A3A8A11-F8F3-4AC8-A96A-40FE81F2D46C}.Release|Any CPU.Build.0 = Release|Any CPU
		{9A3A8A11-F8F3-4AC8-A96A-40FE81F2D46C}.Release|x86.ActiveCfg = Release|Any CPU
		{9A3A8A11-F8F3-4AC8-A96A-40FE81F2D46C}.Release|x86.Build.0 = Release|Any CPU
		{B13364C3-8ED5-433F-B97A-66C03A43B0EE}.Debug|Any CPU.ActiveCfg = Debug|Any CPU
		{B13364C3-8ED5-433F-B97A-66C03A43B0EE}.Debug|Any CPU.Build.0 = Debug|Any CPU
		{B13364C3-8ED5-433F-B97A-66C03A43B0EE}.Debug|x86.ActiveCfg = Debug|Any CPU
		{B13364C3-8ED5-433F-B97A-66C03A43B0EE}.Debug|x86.Build.0 = Debug|Any CPU
		{B13364C3-8ED5-433F-B97A-66C03A43B0EE}.Release|Any CPU.ActiveCfg = Release|Any CPU
		{B13364C3-8ED5-433F-B97A-66C03A43B0EE}.Release|Any CPU.Build.0 = Release|Any CPU
		{B13364C3-8ED5-433F-B97A-66C03A43B0EE}.Release|x86.ActiveCfg = Release|Any CPU
		{B13364C3-8ED5-433F-B97A-66C03A43B0EE}.Release|x86.Build.0 = Release|Any CPU
		{76CD34D7-D727-4447-8716-8BA0CA421308}.Debug|Any CPU.ActiveCfg = Debug|Any CPU
		{76CD34D7-D727-4447-8716-8BA0CA421308}.Debug|Any CPU.Build.0 = Debug|Any CPU
		{76CD34D7-D727-4447-8716-8BA0CA421308}.Debug|x86.ActiveCfg = Debug|Any CPU
		{76CD34D7-D727-4447-8716-8BA0CA421308}.Debug|x86.Build.0 = Debug|Any CPU
		{76CD34D7-D727-4447-8716-8BA0CA421308}.Release|Any CPU.ActiveCfg = Release|Any CPU
		{76CD34D7-D727-4447-8716-8BA0CA421308}.Release|Any CPU.Build.0 = Release|Any CPU
		{76CD34D7-D727-4447-8716-8BA0CA421308}.Release|x86.ActiveCfg = Release|Any CPU
		{76CD34D7-D727-4447-8716-8BA0CA421308}.Release|x86.Build.0 = Release|Any CPU
		{2AB4856E-A1A0-4DB1-8FA7-0F6869BCA09F}.Debug|Any CPU.ActiveCfg = Debug|Any CPU
		{2AB4856E-A1A0-4DB1-8FA7-0F6869BCA09F}.Debug|Any CPU.Build.0 = Debug|Any CPU
		{2AB4856E-A1A0-4DB1-8FA7-0F6869BCA09F}.Debug|x86.ActiveCfg = Debug|Any CPU
		{2AB4856E-A1A0-4DB1-8FA7-0F6869BCA09F}.Debug|x86.Build.0 = Debug|Any CPU
		{2AB4856E-A1A0-4DB1-8FA7-0F6869BCA09F}.Release|Any CPU.ActiveCfg = Release|Any CPU
		{2AB4856E-A1A0-4DB1-8FA7-0F6869BCA09F}.Release|Any CPU.Build.0 = Release|Any CPU
		{2AB4856E-A1A0-4DB1-8FA7-0F6869BCA09F}.Release|x86.ActiveCfg = Release|Any CPU
		{2AB4856E-A1A0-4DB1-8FA7-0F6869BCA09F}.Release|x86.Build.0 = Release|Any CPU
		{C050F162-6DFE-4CA3-8204-814C44A16270}.Debug|Any CPU.ActiveCfg = Debug|Any CPU
		{C050F162-6DFE-4CA3-8204-814C44A16270}.Debug|Any CPU.Build.0 = Debug|Any CPU
		{C050F162-6DFE-4CA3-8204-814C44A16270}.Debug|x86.ActiveCfg = Debug|Any CPU
		{C050F162-6DFE-4CA3-8204-814C44A16270}.Debug|x86.Build.0 = Debug|Any CPU
		{C050F162-6DFE-4CA3-8204-814C44A16270}.Release|Any CPU.ActiveCfg = Release|Any CPU
		{C050F162-6DFE-4CA3-8204-814C44A16270}.Release|Any CPU.Build.0 = Release|Any CPU
		{C050F162-6DFE-4CA3-8204-814C44A16270}.Release|x86.ActiveCfg = Release|Any CPU
		{C050F162-6DFE-4CA3-8204-814C44A16270}.Release|x86.Build.0 = Release|Any CPU
		{15DFF8D7-D4DD-42AD-97F2-D191AFA70729}.Debug|Any CPU.ActiveCfg = Debug|Any CPU
		{15DFF8D7-D4DD-42AD-97F2-D191AFA70729}.Debug|Any CPU.Build.0 = Debug|Any CPU
		{15DFF8D7-D4DD-42AD-97F2-D191AFA70729}.Debug|x86.ActiveCfg = Debug|Any CPU
		{15DFF8D7-D4DD-42AD-97F2-D191AFA70729}.Debug|x86.Build.0 = Debug|Any CPU
		{15DFF8D7-D4DD-42AD-97F2-D191AFA70729}.Release|Any CPU.ActiveCfg = Release|Any CPU
		{15DFF8D7-D4DD-42AD-97F2-D191AFA70729}.Release|Any CPU.Build.0 = Release|Any CPU
		{15DFF8D7-D4DD-42AD-97F2-D191AFA70729}.Release|x86.ActiveCfg = Release|Any CPU
		{15DFF8D7-D4DD-42AD-97F2-D191AFA70729}.Release|x86.Build.0 = Release|Any CPU
		{315959AD-29AB-4059-ACE9-2773340A93B8}.Debug|Any CPU.ActiveCfg = Debug|Any CPU
		{315959AD-29AB-4059-ACE9-2773340A93B8}.Debug|Any CPU.Build.0 = Debug|Any CPU
		{315959AD-29AB-4059-ACE9-2773340A93B8}.Debug|x86.ActiveCfg = Debug|Any CPU
		{315959AD-29AB-4059-ACE9-2773340A93B8}.Debug|x86.Build.0 = Debug|Any CPU
		{315959AD-29AB-4059-ACE9-2773340A93B8}.Release|Any CPU.ActiveCfg = Release|Any CPU
		{315959AD-29AB-4059-ACE9-2773340A93B8}.Release|Any CPU.Build.0 = Release|Any CPU
		{315959AD-29AB-4059-ACE9-2773340A93B8}.Release|x86.ActiveCfg = Release|Any CPU
		{315959AD-29AB-4059-ACE9-2773340A93B8}.Release|x86.Build.0 = Release|Any CPU
		{17422692-250D-4F20-B606-B2C0D5CBB0EF}.Debug|Any CPU.ActiveCfg = Debug|Any CPU
		{17422692-250D-4F20-B606-B2C0D5CBB0EF}.Debug|Any CPU.Build.0 = Debug|Any CPU
		{17422692-250D-4F20-B606-B2C0D5CBB0EF}.Debug|x86.ActiveCfg = Debug|Any CPU
		{17422692-250D-4F20-B606-B2C0D5CBB0EF}.Debug|x86.Build.0 = Debug|Any CPU
		{17422692-250D-4F20-B606-B2C0D5CBB0EF}.Release|Any CPU.ActiveCfg = Release|Any CPU
		{17422692-250D-4F20-B606-B2C0D5CBB0EF}.Release|Any CPU.Build.0 = Release|Any CPU
		{17422692-250D-4F20-B606-B2C0D5CBB0EF}.Release|x86.ActiveCfg = Release|Any CPU
		{17422692-250D-4F20-B606-B2C0D5CBB0EF}.Release|x86.Build.0 = Release|Any CPU
		{C2DF1D02-5CB9-40E3-8D27-3C26FA3B09F4}.Debug|Any CPU.ActiveCfg = Debug|Any CPU
		{C2DF1D02-5CB9-40E3-8D27-3C26FA3B09F4}.Debug|Any CPU.Build.0 = Debug|Any CPU
		{C2DF1D02-5CB9-40E3-8D27-3C26FA3B09F4}.Debug|x86.ActiveCfg = Debug|Any CPU
		{C2DF1D02-5CB9-40E3-8D27-3C26FA3B09F4}.Debug|x86.Build.0 = Debug|Any CPU
		{C2DF1D02-5CB9-40E3-8D27-3C26FA3B09F4}.Release|Any CPU.ActiveCfg = Release|Any CPU
		{C2DF1D02-5CB9-40E3-8D27-3C26FA3B09F4}.Release|Any CPU.Build.0 = Release|Any CPU
		{C2DF1D02-5CB9-40E3-8D27-3C26FA3B09F4}.Release|x86.ActiveCfg = Release|Any CPU
		{C2DF1D02-5CB9-40E3-8D27-3C26FA3B09F4}.Release|x86.Build.0 = Release|Any CPU
		{17E7CC3E-CE1E-4593-9FB4-14F1AC7495B6}.Debug|Any CPU.ActiveCfg = Debug|Any CPU
		{17E7CC3E-CE1E-4593-9FB4-14F1AC7495B6}.Debug|Any CPU.Build.0 = Debug|Any CPU
		{17E7CC3E-CE1E-4593-9FB4-14F1AC7495B6}.Debug|x86.ActiveCfg = Debug|Any CPU
		{17E7CC3E-CE1E-4593-9FB4-14F1AC7495B6}.Debug|x86.Build.0 = Debug|Any CPU
		{17E7CC3E-CE1E-4593-9FB4-14F1AC7495B6}.Release|Any CPU.ActiveCfg = Release|Any CPU
		{17E7CC3E-CE1E-4593-9FB4-14F1AC7495B6}.Release|Any CPU.Build.0 = Release|Any CPU
		{17E7CC3E-CE1E-4593-9FB4-14F1AC7495B6}.Release|x86.ActiveCfg = Release|Any CPU
		{17E7CC3E-CE1E-4593-9FB4-14F1AC7495B6}.Release|x86.Build.0 = Release|Any CPU
		{D0C80F1B-9F1B-4372-8370-376204CCC397}.Debug|Any CPU.ActiveCfg = Debug|Any CPU
		{D0C80F1B-9F1B-4372-8370-376204CCC397}.Debug|Any CPU.Build.0 = Debug|Any CPU
		{D0C80F1B-9F1B-4372-8370-376204CCC397}.Debug|x86.ActiveCfg = Debug|Any CPU
		{D0C80F1B-9F1B-4372-8370-376204CCC397}.Debug|x86.Build.0 = Debug|Any CPU
		{D0C80F1B-9F1B-4372-8370-376204CCC397}.Release|Any CPU.ActiveCfg = Release|Any CPU
		{D0C80F1B-9F1B-4372-8370-376204CCC397}.Release|Any CPU.Build.0 = Release|Any CPU
		{D0C80F1B-9F1B-4372-8370-376204CCC397}.Release|x86.ActiveCfg = Release|Any CPU
		{D0C80F1B-9F1B-4372-8370-376204CCC397}.Release|x86.Build.0 = Release|Any CPU
		{6F3F3FF6-D263-4725-BAF3-867765DB84DF}.Debug|Any CPU.ActiveCfg = Debug|Any CPU
		{6F3F3FF6-D263-4725-BAF3-867765DB84DF}.Debug|Any CPU.Build.0 = Debug|Any CPU
		{6F3F3FF6-D263-4725-BAF3-867765DB84DF}.Debug|x86.ActiveCfg = Debug|Any CPU
		{6F3F3FF6-D263-4725-BAF3-867765DB84DF}.Debug|x86.Build.0 = Debug|Any CPU
		{6F3F3FF6-D263-4725-BAF3-867765DB84DF}.Release|Any CPU.ActiveCfg = Release|Any CPU
		{6F3F3FF6-D263-4725-BAF3-867765DB84DF}.Release|Any CPU.Build.0 = Release|Any CPU
		{6F3F3FF6-D263-4725-BAF3-867765DB84DF}.Release|x86.ActiveCfg = Release|Any CPU
		{6F3F3FF6-D263-4725-BAF3-867765DB84DF}.Release|x86.Build.0 = Release|Any CPU
		{0406A42F-2D8B-435D-839E-312549A2D634}.Debug|Any CPU.ActiveCfg = Debug|Any CPU
		{0406A42F-2D8B-435D-839E-312549A2D634}.Debug|Any CPU.Build.0 = Debug|Any CPU
		{0406A42F-2D8B-435D-839E-312549A2D634}.Debug|x86.ActiveCfg = Debug|Any CPU
		{0406A42F-2D8B-435D-839E-312549A2D634}.Debug|x86.Build.0 = Debug|Any CPU
		{0406A42F-2D8B-435D-839E-312549A2D634}.Release|Any CPU.ActiveCfg = Release|Any CPU
		{0406A42F-2D8B-435D-839E-312549A2D634}.Release|Any CPU.Build.0 = Release|Any CPU
		{0406A42F-2D8B-435D-839E-312549A2D634}.Release|x86.ActiveCfg = Release|Any CPU
		{0406A42F-2D8B-435D-839E-312549A2D634}.Release|x86.Build.0 = Release|Any CPU
		{1781F4E2-70F7-47E7-8BA1-FA0102B183DA}.Debug|Any CPU.ActiveCfg = Debug|Any CPU
		{1781F4E2-70F7-47E7-8BA1-FA0102B183DA}.Debug|Any CPU.Build.0 = Debug|Any CPU
		{1781F4E2-70F7-47E7-8BA1-FA0102B183DA}.Debug|x86.ActiveCfg = Debug|Any CPU
		{1781F4E2-70F7-47E7-8BA1-FA0102B183DA}.Debug|x86.Build.0 = Debug|Any CPU
		{1781F4E2-70F7-47E7-8BA1-FA0102B183DA}.Release|Any CPU.ActiveCfg = Release|Any CPU
		{1781F4E2-70F7-47E7-8BA1-FA0102B183DA}.Release|Any CPU.Build.0 = Release|Any CPU
		{1781F4E2-70F7-47E7-8BA1-FA0102B183DA}.Release|x86.ActiveCfg = Release|Any CPU
		{1781F4E2-70F7-47E7-8BA1-FA0102B183DA}.Release|x86.Build.0 = Release|Any CPU
		{9B242593-95BF-42FA-8484-091379FD9C58}.Debug|Any CPU.ActiveCfg = Debug|Any CPU
		{9B242593-95BF-42FA-8484-091379FD9C58}.Debug|Any CPU.Build.0 = Debug|Any CPU
		{9B242593-95BF-42FA-8484-091379FD9C58}.Debug|x86.ActiveCfg = Debug|Any CPU
		{9B242593-95BF-42FA-8484-091379FD9C58}.Debug|x86.Build.0 = Debug|Any CPU
		{9B242593-95BF-42FA-8484-091379FD9C58}.Release|Any CPU.ActiveCfg = Release|Any CPU
		{9B242593-95BF-42FA-8484-091379FD9C58}.Release|Any CPU.Build.0 = Release|Any CPU
		{9B242593-95BF-42FA-8484-091379FD9C58}.Release|x86.ActiveCfg = Release|Any CPU
		{9B242593-95BF-42FA-8484-091379FD9C58}.Release|x86.Build.0 = Release|Any CPU
		{6CBD290D-79AD-4395-B006-38A1DB3FAE38}.Debug|Any CPU.ActiveCfg = Debug|Any CPU
		{6CBD290D-79AD-4395-B006-38A1DB3FAE38}.Debug|Any CPU.Build.0 = Debug|Any CPU
		{6CBD290D-79AD-4395-B006-38A1DB3FAE38}.Debug|x86.ActiveCfg = Debug|Any CPU
		{6CBD290D-79AD-4395-B006-38A1DB3FAE38}.Debug|x86.Build.0 = Debug|Any CPU
		{6CBD290D-79AD-4395-B006-38A1DB3FAE38}.Release|Any CPU.ActiveCfg = Release|Any CPU
		{6CBD290D-79AD-4395-B006-38A1DB3FAE38}.Release|Any CPU.Build.0 = Release|Any CPU
		{6CBD290D-79AD-4395-B006-38A1DB3FAE38}.Release|x86.ActiveCfg = Release|Any CPU
		{6CBD290D-79AD-4395-B006-38A1DB3FAE38}.Release|x86.Build.0 = Release|Any CPU
		{3ADE0CB3-84FE-4AFA-923D-11D2D7932FEF}.Debug|Any CPU.ActiveCfg = Debug|Any CPU
		{3ADE0CB3-84FE-4AFA-923D-11D2D7932FEF}.Debug|Any CPU.Build.0 = Debug|Any CPU
		{3ADE0CB3-84FE-4AFA-923D-11D2D7932FEF}.Debug|x86.ActiveCfg = Debug|Any CPU
		{3ADE0CB3-84FE-4AFA-923D-11D2D7932FEF}.Debug|x86.Build.0 = Debug|Any CPU
		{3ADE0CB3-84FE-4AFA-923D-11D2D7932FEF}.Release|Any CPU.ActiveCfg = Release|Any CPU
		{3ADE0CB3-84FE-4AFA-923D-11D2D7932FEF}.Release|Any CPU.Build.0 = Release|Any CPU
		{3ADE0CB3-84FE-4AFA-923D-11D2D7932FEF}.Release|x86.ActiveCfg = Release|Any CPU
		{3ADE0CB3-84FE-4AFA-923D-11D2D7932FEF}.Release|x86.Build.0 = Release|Any CPU
		{448CE3EA-E1B8-4B98-BBD0-F41A261BD617}.Debug|Any CPU.ActiveCfg = Debug|Any CPU
		{448CE3EA-E1B8-4B98-BBD0-F41A261BD617}.Debug|Any CPU.Build.0 = Debug|Any CPU
		{448CE3EA-E1B8-4B98-BBD0-F41A261BD617}.Debug|x86.ActiveCfg = Debug|Any CPU
		{448CE3EA-E1B8-4B98-BBD0-F41A261BD617}.Debug|x86.Build.0 = Debug|Any CPU
		{448CE3EA-E1B8-4B98-BBD0-F41A261BD617}.Release|Any CPU.ActiveCfg = Release|Any CPU
		{448CE3EA-E1B8-4B98-BBD0-F41A261BD617}.Release|Any CPU.Build.0 = Release|Any CPU
		{448CE3EA-E1B8-4B98-BBD0-F41A261BD617}.Release|x86.ActiveCfg = Release|Any CPU
		{448CE3EA-E1B8-4B98-BBD0-F41A261BD617}.Release|x86.Build.0 = Release|Any CPU
	EndGlobalSection
	GlobalSection(SolutionProperties) = preSolution
		HideSolutionNode = FALSE
	EndGlobalSection
	GlobalSection(NestedProjects) = preSolution
		{9A3A8A11-F8F3-4AC8-A96A-40FE81F2D46C} = {8E21E110-EEAD-4794-BBAF-F355A64EE106}
		{B13364C3-8ED5-433F-B97A-66C03A43B0EE} = {8E21E110-EEAD-4794-BBAF-F355A64EE106}
		{76CD34D7-D727-4447-8716-8BA0CA421308} = {8E21E110-EEAD-4794-BBAF-F355A64EE106}
		{2AB4856E-A1A0-4DB1-8FA7-0F6869BCA09F} = {8E21E110-EEAD-4794-BBAF-F355A64EE106}
		{C050F162-6DFE-4CA3-8204-814C44A16270} = {8E21E110-EEAD-4794-BBAF-F355A64EE106}
		{15DFF8D7-D4DD-42AD-97F2-D191AFA70729} = {8E21E110-EEAD-4794-BBAF-F355A64EE106}
		{315959AD-29AB-4059-ACE9-2773340A93B8} = {8E21E110-EEAD-4794-BBAF-F355A64EE106}
		{C2DF1D02-5CB9-40E3-8D27-3C26FA3B09F4} = {69584CA3-57E2-4654-8B19-01D6166B6601}
		{17E7CC3E-CE1E-4593-9FB4-14F1AC7495B6} = {69584CA3-57E2-4654-8B19-01D6166B6601}
		{D0C80F1B-9F1B-4372-8370-376204CCC397} = {69584CA3-57E2-4654-8B19-01D6166B6601}
		{6F3F3FF6-D263-4725-BAF3-867765DB84DF} = {69584CA3-57E2-4654-8B19-01D6166B6601}
		{0406A42F-2D8B-435D-839E-312549A2D634} = {69584CA3-57E2-4654-8B19-01D6166B6601}
		{1781F4E2-70F7-47E7-8BA1-FA0102B183DA} = {69584CA3-57E2-4654-8B19-01D6166B6601}
		{9B242593-95BF-42FA-8484-091379FD9C58} = {69584CA3-57E2-4654-8B19-01D6166B6601}
		{6CBD290D-79AD-4395-B006-38A1DB3FAE38} = {8E21E110-EEAD-4794-BBAF-F355A64EE106}
		{3ADE0CB3-84FE-4AFA-923D-11D2D7932FEF} = {8E21E110-EEAD-4794-BBAF-F355A64EE106}
	EndGlobalSection
	GlobalSection(ExtensibilityGlobals) = postSolution
		SolutionGuid = {CA37C252-435A-4E83-A88B-79294E61436D}
	EndGlobalSection
EndGlobal
